
Microsoft Visual Studio Solution File, Format Version 12.00
# Visual Studio Version 16
VisualStudioVersion = 16.0.30225.117
MinimumVisualStudioVersion = 10.0.40219.1
Project("{FAE04EC0-301F-11D3-BF4B-00C04F79EFBC}") = "FootballFieldReservation", "FootballFieldReservation\FootballFieldReservation.csproj", "{DBC19264-5146-4CF2-83A0-F249ED6216EC}"
EndProject
Global
	GlobalSection(SolutionConfigurationPlatforms) = preSolution
		Debug|Any CPU = Debug|Any CPU
		Release|Any CPU = Release|Any CPU
	EndGlobalSection
	GlobalSection(ProjectConfigurationPlatforms) = postSolution
		{DBC19264-5146-4CF2-83A0-F249ED6216EC}.Debug|Any CPU.ActiveCfg = Debug|Any CPU
		{DBC19264-5146-4CF2-83A0-F249ED6216EC}.Debug|Any CPU.Build.0 = Debug|Any CPU
		{DBC19264-5146-4CF2-83A0-F249ED6216EC}.Release|Any CPU.ActiveCfg = Release|Any CPU
		{DBC19264-5146-4CF2-83A0-F249ED6216EC}.Release|Any CPU.Build.0 = Release|Any CPU
	EndGlobalSection
	GlobalSection(SolutionProperties) = preSolution
		HideSolutionNode = FALSE
	EndGlobalSection
	GlobalSection(ExtensibilityGlobals) = postSolution
		SolutionGuid = {5F39BBBC-0B9E-49BB-B2F7-FF72EA13E46F}
	EndGlobalSection
EndGlobal
